
Microsoft Visual Studio Solution File, Format Version 12.00
# Visual Studio Version 17
VisualStudioVersion = 17.14.36429.23
MinimumVisualStudioVersion = 10.0.40219.1
Project("{2150E333-8FDC-42A3-9474-1A3956D46DE8}") = "Task0", "Task0", "{02EA681E-C7D8-13C7-8484-4AC65E1B71E8}"
EndProject
Project("{FAE04EC0-301F-11D3-BF4B-00C04F79EFBC}") = "Tyuiu.MuliavinIM.Sprint6.Task0.V13", "Tyuiu.MuliavinIM.Sprint6.Task0.V13\Tyuiu.MuliavinIM.Sprint6.Task0.V13.csproj", "{44A60E32-BDCE-4869-86A2-583A10039C0F}"
EndProject
Project("{FAE04EC0-301F-11D3-BF4B-00C04F79EFBC}") = "Tyuiu.MuliavinIM.Sprint6.Task0.V13.Test", "Tyuiu.MuliavinIM.Sprint6.Task0.V13.Test\Tyuiu.MuliavinIM.Sprint6.Task0.V13.Test.csproj", "{B8F37246-8D62-4B3E-B6B8-2B992D6AFCF4}"
EndProject
Project("{FAE04EC0-301F-11D3-BF4B-00C04F79EFBC}") = "Tyuiu.MuliavinIM.Sprint6.Task0.V13.Lib", "Tyuiu.MuliavinIM.Sprint6.Task0.V13.Lib\Tyuiu.MuliavinIM.Sprint6.Task0.V13.Lib.csproj", "{74779A94-BB73-4493-8B87-5DF3FCE3F878}"
EndProject
Project("{2150E333-8FDC-42A3-9474-1A3956D46DE8}") = "Task1", "Task1", "{01343D35-4802-4A24-A2E2-F48F78A12FE8}"
EndProject
Project("{FAE04EC0-301F-11D3-BF4B-00C04F79EFBC}") = "Tyuiu.MuliavinIM.Sprint6.Task1.V30", "Tyuiu.MuliavinIM.Sprint6.Task1.V30\Tyuiu.MuliavinIM.Sprint6.Task1.V30.csproj", "{B83579E9-00F7-4A3C-8C80-66D20EAD814D}"
EndProject
Project("{FAE04EC0-301F-11D3-BF4B-00C04F79EFBC}") = "Tyuiu.MuliavinIM.Sprint6.Task1.V30.Lib", "Tyuiu.MuliavinIM.Sprint6.Task1.V30.Lib\Tyuiu.MuliavinIM.Sprint6.Task1.V30.Lib.csproj", "{9C011D84-DC3A-4BBD-B631-A834F3656471}"
EndProject
Project("{FAE04EC0-301F-11D3-BF4B-00C04F79EFBC}") = "Tyuiu.MuliavinIM.Sprint6.Task1.V30.Test", "Tyuiu.MuliavinIM.Sprint6.Task1.V30.Test\Tyuiu.MuliavinIM.Sprint6.Task1.V30.Test.csproj", "{88972716-2AC5-478A-A989-B73F0AFA6FED}"
EndProject
Project("{2150E333-8FDC-42A3-9474-1A3956D46DE8}") = "Task2", "Task2", "{FBDA5700-4EDE-41B4-912B-66891DDF545E}"
EndProject
Project("{2150E333-8FDC-42A3-9474-1A3956D46DE8}") = "Task3", "Task3", "{6AA3E398-2612-4BA0-A113-C0384E205678}"
EndProject
Project("{2150E333-8FDC-42A3-9474-1A3956D46DE8}") = "Task4", "Task4", "{B95B2F93-2961-4A69-A3A0-00D635E18303}"
EndProject
Project("{2150E333-8FDC-42A3-9474-1A3956D46DE8}") = "Task5", "Task5", "{35293009-AC4E-4782-BD34-0AFA2C0C36FB}"
EndProject
Project("{2150E333-8FDC-42A3-9474-1A3956D46DE8}") = "Task6", "Task6", "{371EAF59-9CE3-4436-A8F0-A547D6A2E281}"
EndProject
Project("{2150E333-8FDC-42A3-9474-1A3956D46DE8}") = "Task7", "Task7", "{B9B5D253-6142-4C7A-A406-393A2B86E624}"
EndProject
Project("{FAE04EC0-301F-11D3-BF4B-00C04F79EFBC}") = "Tyuiu.MuliavinIM.Sprint6.Task2.V9", "Tyuiu.MuliavinIM.Sprint6.Task2.V9\Tyuiu.MuliavinIM.Sprint6.Task2.V9.csproj", "{5791B559-F44E-4FD5-A811-E1A06A346FA5}"
EndProject
Project("{FAE04EC0-301F-11D3-BF4B-00C04F79EFBC}") = "Tyuiu.MuliavinIM.Sprint6.Task2.V9.Test", "Tyuiu.MuliavinIM.Sprint6.Task2.V9.Test\Tyuiu.MuliavinIM.Sprint6.Task2.V9.Test.csproj", "{11A8945A-BB64-41A0-90D9-AB8089BDC0C5}"
EndProject
Project("{FAE04EC0-301F-11D3-BF4B-00C04F79EFBC}") = "Tyuiu.MuliavinIM.Sprint6.Task2.V9.Lib", "Tyuiu.MuliavinIM.Sprint6.Task2.V9.Lib\Tyuiu.MuliavinIM.Sprint6.Task2.V9.Lib.csproj", "{B5668306-32B3-426B-9B13-EC0221E7F35C}"
EndProject
Project("{FAE04EC0-301F-11D3-BF4B-00C04F79EFBC}") = "Tyuiu.MuliavinIM.Sprint6.Task3.V1", "Tyuiu.MuliavinIM.Sprint6.Task3.V1\Tyuiu.MuliavinIM.Sprint6.Task3.V1.csproj", "{AE534874-22F9-4D7C-85CB-AF4F744BD137}"
EndProject
Project("{FAE04EC0-301F-11D3-BF4B-00C04F79EFBC}") = "Tyuiu.MuliavinIM.Sprint6.Task3.V1.Lib", "Tyuiu.MuliavinIM.Sprint6.Task3.V1.Lib\Tyuiu.MuliavinIM.Sprint6.Task3.V1.Lib.csproj", "{888F9A9E-1DE2-45DE-A3F8-8793DDA46E2A}"
EndProject
Project("{FAE04EC0-301F-11D3-BF4B-00C04F79EFBC}") = "Tyuiu.MuliavinIM.Sprint6.Task3.V1.Test", "Tyuiu.MuliavinIM.Sprint6.Task3.V1.Test\Tyuiu.MuliavinIM.Sprint6.Task3.V1.Test.csproj", "{16F0C039-4263-40BD-8E2C-916B12B50860}"
EndProject
Project("{FAE04EC0-301F-11D3-BF4B-00C04F79EFBC}") = "Tyuiu.MuliavinIM.Sprint6.Task4.V25", "Tyuiu.MuliavinIM.Sprint6.Task4.V25\Tyuiu.MuliavinIM.Sprint6.Task4.V25.csproj", "{B86DC064-6091-472D-B8E1-F90B08971DA5}"
EndProject
Project("{FAE04EC0-301F-11D3-BF4B-00C04F79EFBC}") = "Tyuiu.MuliavinIM.Sprint6.Task4.V25.Test", "Tyuiu.MuliavinIM.Sprint6.Task4.V25.Test\Tyuiu.MuliavinIM.Sprint6.Task4.V25.Test.csproj", "{171920B3-DD11-4A42-B853-AA6108F19E63}"
EndProject
Project("{FAE04EC0-301F-11D3-BF4B-00C04F79EFBC}") = "Tyuiu.MuliavinIM.Sprint6.Task4.V25.Lib", "Tyuiu.MuliavinIM.Sprint6.Task4.V25.Lib\Tyuiu.MuliavinIM.Sprint6.Task4.V25.Lib.csproj", "{26D0EB01-5B4F-48B2-B2EE-04D9A75E884C}"
EndProject
Project("{FAE04EC0-301F-11D3-BF4B-00C04F79EFBC}") = "Tyuiu.MuliavinIM.Sprint6.Task5.V20", "Tyuiu.MuliavinIM.Sprint6.Task5.V20\Tyuiu.MuliavinIM.Sprint6.Task5.V20.csproj", "{748260F2-0D3E-4C18-B236-D82FB140C12B}"
EndProject
Project("{FAE04EC0-301F-11D3-BF4B-00C04F79EFBC}") = "Tyuiu.MuliavinIM.Sprint6.Task5.V20.Test", "Tyuiu.MuliavinIM.Sprint6.Task5.V20.Test\Tyuiu.MuliavinIM.Sprint6.Task5.V20.Test.csproj", "{F369FB07-D252-40E6-9BBF-49A3FE5E9AA9}"
EndProject
Project("{FAE04EC0-301F-11D3-BF4B-00C04F79EFBC}") = "Tyuiu.MuliavinIM.Sprint6.Task5.V20.Lib", "Tyuiu.MuliavinIM.Sprint6.Task5.V20.Lib\Tyuiu.MuliavinIM.Sprint6.Task5.V20.Lib.csproj", "{1A35C3F7-5223-49B2-AD60-32F99E897E68}"
EndProject
Global
	GlobalSection(SolutionConfigurationPlatforms) = preSolution
		Debug|Any CPU = Debug|Any CPU
		Release|Any CPU = Release|Any CPU
	EndGlobalSection
	GlobalSection(ProjectConfigurationPlatforms) = postSolution
		{44A60E32-BDCE-4869-86A2-583A10039C0F}.Debug|Any CPU.ActiveCfg = Debug|Any CPU
		{44A60E32-BDCE-4869-86A2-583A10039C0F}.Debug|Any CPU.Build.0 = Debug|Any CPU
		{44A60E32-BDCE-4869-86A2-583A10039C0F}.Release|Any CPU.ActiveCfg = Release|Any CPU
		{44A60E32-BDCE-4869-86A2-583A10039C0F}.Release|Any CPU.Build.0 = Release|Any CPU
		{B8F37246-8D62-4B3E-B6B8-2B992D6AFCF4}.Debug|Any CPU.ActiveCfg = Debug|Any CPU
		{B8F37246-8D62-4B3E-B6B8-2B992D6AFCF4}.Debug|Any CPU.Build.0 = Debug|Any CPU
		{B8F37246-8D62-4B3E-B6B8-2B992D6AFCF4}.Release|Any CPU.ActiveCfg = Release|Any CPU
		{B8F37246-8D62-4B3E-B6B8-2B992D6AFCF4}.Release|Any CPU.Build.0 = Release|Any CPU
		{74779A94-BB73-4493-8B87-5DF3FCE3F878}.Debug|Any CPU.ActiveCfg = Debug|Any CPU
		{74779A94-BB73-4493-8B87-5DF3FCE3F878}.Debug|Any CPU.Build.0 = Debug|Any CPU
		{74779A94-BB73-4493-8B87-5DF3FCE3F878}.Release|Any CPU.ActiveCfg = Release|Any CPU
		{74779A94-BB73-4493-8B87-5DF3FCE3F878}.Release|Any CPU.Build.0 = Release|Any CPU
		{B83579E9-00F7-4A3C-8C80-66D20EAD814D}.Debug|Any CPU.ActiveCfg = Debug|Any CPU
		{B83579E9-00F7-4A3C-8C80-66D20EAD814D}.Debug|Any CPU.Build.0 = Debug|Any CPU
		{B83579E9-00F7-4A3C-8C80-66D20EAD814D}.Release|Any CPU.ActiveCfg = Release|Any CPU
		{B83579E9-00F7-4A3C-8C80-66D20EAD814D}.Release|Any CPU.Build.0 = Release|Any CPU
		{9C011D84-DC3A-4BBD-B631-A834F3656471}.Debug|Any CPU.ActiveCfg = Debug|Any CPU
		{9C011D84-DC3A-4BBD-B631-A834F3656471}.Debug|Any CPU.Build.0 = Debug|Any CPU
		{9C011D84-DC3A-4BBD-B631-A834F3656471}.Release|Any CPU.ActiveCfg = Release|Any CPU
		{9C011D84-DC3A-4BBD-B631-A834F3656471}.Release|Any CPU.Build.0 = Release|Any CPU
		{88972716-2AC5-478A-A989-B73F0AFA6FED}.Debug|Any CPU.ActiveCfg = Debug|Any CPU
		{88972716-2AC5-478A-A989-B73F0AFA6FED}.Debug|Any CPU.Build.0 = Debug|Any CPU
		{88972716-2AC5-478A-A989-B73F0AFA6FED}.Release|Any CPU.ActiveCfg = Release|Any CPU
		{88972716-2AC5-478A-A989-B73F0AFA6FED}.Release|Any CPU.Build.0 = Release|Any CPU
		{5791B559-F44E-4FD5-A811-E1A06A346FA5}.Debug|Any CPU.ActiveCfg = Debug|Any CPU
		{5791B559-F44E-4FD5-A811-E1A06A346FA5}.Debug|Any CPU.Build.0 = Debug|Any CPU
		{5791B559-F44E-4FD5-A811-E1A06A346FA5}.Release|Any CPU.ActiveCfg = Release|Any CPU
		{5791B559-F44E-4FD5-A811-E1A06A346FA5}.Release|Any CPU.Build.0 = Release|Any CPU
		{11A8945A-BB64-41A0-90D9-AB8089BDC0C5}.Debug|Any CPU.ActiveCfg = Debug|Any CPU
		{11A8945A-BB64-41A0-90D9-AB8089BDC0C5}.Debug|Any CPU.Build.0 = Debug|Any CPU
		{11A8945A-BB64-41A0-90D9-AB8089BDC0C5}.Release|Any CPU.ActiveCfg = Release|Any CPU
		{11A8945A-BB64-41A0-90D9-AB8089BDC0C5}.Release|Any CPU.Build.0 = Release|Any CPU
		{B5668306-32B3-426B-9B13-EC0221E7F35C}.Debug|Any CPU.ActiveCfg = Debug|Any CPU
		{B5668306-32B3-426B-9B13-EC0221E7F35C}.Debug|Any CPU.Build.0 = Debug|Any CPU
		{B5668306-32B3-426B-9B13-EC0221E7F35C}.Release|Any CPU.ActiveCfg = Release|Any CPU
		{B5668306-32B3-426B-9B13-EC0221E7F35C}.Release|Any CPU.Build.0 = Release|Any CPU
		{AE534874-22F9-4D7C-85CB-AF4F744BD137}.Debug|Any CPU.ActiveCfg = Debug|Any CPU
		{AE534874-22F9-4D7C-85CB-AF4F744BD137}.Debug|Any CPU.Build.0 = Debug|Any CPU
		{AE534874-22F9-4D7C-85CB-AF4F744BD137}.Release|Any CPU.ActiveCfg = Release|Any CPU
		{AE534874-22F9-4D7C-85CB-AF4F744BD137}.Release|Any CPU.Build.0 = Release|Any CPU
		{888F9A9E-1DE2-45DE-A3F8-8793DDA46E2A}.Debug|Any CPU.ActiveCfg = Debug|Any CPU
		{888F9A9E-1DE2-45DE-A3F8-8793DDA46E2A}.Debug|Any CPU.Build.0 = Debug|Any CPU
		{888F9A9E-1DE2-45DE-A3F8-8793DDA46E2A}.Release|Any CPU.ActiveCfg = Release|Any CPU
		{888F9A9E-1DE2-45DE-A3F8-8793DDA46E2A}.Release|Any CPU.Build.0 = Release|Any CPU
		{16F0C039-4263-40BD-8E2C-916B12B50860}.Debug|Any CPU.ActiveCfg = Debug|Any CPU
		{16F0C039-4263-40BD-8E2C-916B12B50860}.Debug|Any CPU.Build.0 = Debug|Any CPU
		{16F0C039-4263-40BD-8E2C-916B12B50860}.Release|Any CPU.ActiveCfg = Release|Any CPU
		{16F0C039-4263-40BD-8E2C-916B12B50860}.Release|Any CPU.Build.0 = Release|Any CPU
		{B86DC064-6091-472D-B8E1-F90B08971DA5}.Debug|Any CPU.ActiveCfg = Debug|Any CPU
		{B86DC064-6091-472D-B8E1-F90B08971DA5}.Debug|Any CPU.Build.0 = Debug|Any CPU
		{B86DC064-6091-472D-B8E1-F90B08971DA5}.Release|Any CPU.ActiveCfg = Release|Any CPU
		{B86DC064-6091-472D-B8E1-F90B08971DA5}.Release|Any CPU.Build.0 = Release|Any CPU
		{171920B3-DD11-4A42-B853-AA6108F19E63}.Debug|Any CPU.ActiveCfg = Debug|Any CPU
		{171920B3-DD11-4A42-B853-AA6108F19E63}.Debug|Any CPU.Build.0 = Debug|Any CPU
		{171920B3-DD11-4A42-B853-AA6108F19E63}.Release|Any CPU.ActiveCfg = Release|Any CPU
		{171920B3-DD11-4A42-B853-AA6108F19E63}.Release|Any CPU.Build.0 = Release|Any CPU
		{26D0EB01-5B4F-48B2-B2EE-04D9A75E884C}.Debug|Any CPU.ActiveCfg = Debug|Any CPU
		{26D0EB01-5B4F-48B2-B2EE-04D9A75E884C}.Debug|Any CPU.Build.0 = Debug|Any CPU
		{26D0EB01-5B4F-48B2-B2EE-04D9A75E884C}.Release|Any CPU.ActiveCfg = Release|Any CPU
		{26D0EB01-5B4F-48B2-B2EE-04D9A75E884C}.Release|Any CPU.Build.0 = Release|Any CPU
		{748260F2-0D3E-4C18-B236-D82FB140C12B}.Debug|Any CPU.ActiveCfg = Debug|Any CPU
		{748260F2-0D3E-4C18-B236-D82FB140C12B}.Debug|Any CPU.Build.0 = Debug|Any CPU
		{748260F2-0D3E-4C18-B236-D82FB140C12B}.Release|Any CPU.ActiveCfg = Release|Any CPU
		{748260F2-0D3E-4C18-B236-D82FB140C12B}.Release|Any CPU.Build.0 = Release|Any CPU
		{F369FB07-D252-40E6-9BBF-49A3FE5E9AA9}.Debug|Any CPU.ActiveCfg = Debug|Any CPU
		{F369FB07-D252-40E6-9BBF-49A3FE5E9AA9}.Debug|Any CPU.Build.0 = Debug|Any CPU
		{F369FB07-D252-40E6-9BBF-49A3FE5E9AA9}.Release|Any CPU.ActiveCfg = Release|Any CPU
		{F369FB07-D252-40E6-9BBF-49A3FE5E9AA9}.Release|Any CPU.Build.0 = Release|Any CPU
		{1A35C3F7-5223-49B2-AD60-32F99E897E68}.Debug|Any CPU.ActiveCfg = Debug|Any CPU
		{1A35C3F7-5223-49B2-AD60-32F99E897E68}.Debug|Any CPU.Build.0 = Debug|Any CPU
		{1A35C3F7-5223-49B2-AD60-32F99E897E68}.Release|Any CPU.ActiveCfg = Release|Any CPU
		{1A35C3F7-5223-49B2-AD60-32F99E897E68}.Release|Any CPU.Build.0 = Release|Any CPU
	EndGlobalSection
	GlobalSection(SolutionProperties) = preSolution
		HideSolutionNode = FALSE
	EndGlobalSection
	GlobalSection(NestedProjects) = preSolution
		{44A60E32-BDCE-4869-86A2-583A10039C0F} = {02EA681E-C7D8-13C7-8484-4AC65E1B71E8}
		{B8F37246-8D62-4B3E-B6B8-2B992D6AFCF4} = {02EA681E-C7D8-13C7-8484-4AC65E1B71E8}
		{74779A94-BB73-4493-8B87-5DF3FCE3F878} = {02EA681E-C7D8-13C7-8484-4AC65E1B71E8}
		{B83579E9-00F7-4A3C-8C80-66D20EAD814D} = {01343D35-4802-4A24-A2E2-F48F78A12FE8}
		{9C011D84-DC3A-4BBD-B631-A834F3656471} = {01343D35-4802-4A24-A2E2-F48F78A12FE8}
		{88972716-2AC5-478A-A989-B73F0AFA6FED} = {01343D35-4802-4A24-A2E2-F48F78A12FE8}
		{5791B559-F44E-4FD5-A811-E1A06A346FA5} = {FBDA5700-4EDE-41B4-912B-66891DDF545E}
		{11A8945A-BB64-41A0-90D9-AB8089BDC0C5} = {FBDA5700-4EDE-41B4-912B-66891DDF545E}
		{B5668306-32B3-426B-9B13-EC0221E7F35C} = {FBDA5700-4EDE-41B4-912B-66891DDF545E}
		{AE534874-22F9-4D7C-85CB-AF4F744BD137} = {6AA3E398-2612-4BA0-A113-C0384E205678}
		{888F9A9E-1DE2-45DE-A3F8-8793DDA46E2A} = {6AA3E398-2612-4BA0-A113-C0384E205678}
		{16F0C039-4263-40BD-8E2C-916B12B50860} = {6AA3E398-2612-4BA0-A113-C0384E205678}
		{B86DC064-6091-472D-B8E1-F90B08971DA5} = {B95B2F93-2961-4A69-A3A0-00D635E18303}
		{171920B3-DD11-4A42-B853-AA6108F19E63} = {B95B2F93-2961-4A69-A3A0-00D635E18303}
		{26D0EB01-5B4F-48B2-B2EE-04D9A75E884C} = {B95B2F93-2961-4A69-A3A0-00D635E18303}
		{748260F2-0D3E-4C18-B236-D82FB140C12B} = {35293009-AC4E-4782-BD34-0AFA2C0C36FB}
		{F369FB07-D252-40E6-9BBF-49A3FE5E9AA9} = {35293009-AC4E-4782-BD34-0AFA2C0C36FB}
		{1A35C3F7-5223-49B2-AD60-32F99E897E68} = {35293009-AC4E-4782-BD34-0AFA2C0C36FB}
	EndGlobalSection
	GlobalSection(ExtensibilityGlobals) = postSolution
		SolutionGuid = {D492D923-2523-4F73-9009-A0AA2A0BE0BA}
	EndGlobalSection
EndGlobal
